
Microsoft Visual Studio Solution File, Format Version 12.00
# Visual Studio Version 16
VisualStudioVersion = 16.0.31424.327
MinimumVisualStudioVersion = 10.0.40219.1
Project("{FAE04EC0-301F-11D3-BF4B-00C04F79EFBC}") = "Api", "Api\Api.csproj", "{8649AFA1-523C-404F-9486-23CA9251CA4B}"
EndProject
Global
	GlobalSection(SolutionConfigurationPlatforms) = preSolution
		Debug|Any CPU = Debug|Any CPU
		Release|Any CPU = Release|Any CPU
	EndGlobalSection
	GlobalSection(ProjectConfigurationPlatforms) = postSolution
		{8649AFA1-523C-404F-9486-23CA9251CA4B}.Debug|Any CPU.ActiveCfg = Debug|Any CPU
		{8649AFA1-523C-404F-9486-23CA9251CA4B}.Debug|Any CPU.Build.0 = Debug|Any CPU
		{8649AFA1-523C-404F-9486-23CA9251CA4B}.Release|Any CPU.ActiveCfg = Release|Any CPU
		{8649AFA1-523C-404F-9486-23CA9251CA4B}.Release|Any CPU.Build.0 = Release|Any CPU
	EndGlobalSection
	GlobalSection(SolutionProperties) = preSolution
		HideSolutionNode = FALSE
	EndGlobalSection
	GlobalSection(ExtensibilityGlobals) = postSolution
		SolutionGuid = {7DBEC4D8-333F-40DC-9D8D-99EBC60B5341}
	EndGlobalSection
EndGlobal
